{
  "name": "pieces",
  "version": "0.0.0",
  "lockfileVersion": 3,
  "requires": true,
  "packages": {
    "": {
      "name": "pieces",
      "version": "0.0.0",
      "license": "AGPL-3.0",
      "dependencies": {
        "almond": "0.3.3",
        "Datum": "0.13.3",
        "highlight.js-postbuild": "0.0.6",
        "jquery": "3.6.4",
        "requirejs": "2.3.6",
        "semantic-ui-offline": "2.5.0",
        "workbox-sw": "6.5.4"
      }
    },
    "node_modules/almond": {
      "version": "0.3.3",
      "resolved": "https://registry.npmjs.org/almond/-/almond-0.3.3.tgz",
      "integrity": "sha512-Eh5QhyxrKnTI0OuGpwTRvzRrnu1NF3F2kbQJRwpXj/uMy0uycwqw2/RhdDrD1cBTD1JFFHFrxGIU8HQztowR0g==",
      "engines": {
        "node": ">=0.4.0"
      }
    },
    "node_modules/Datum": {
      "version": "0.13.3",
      "resolved": "https://registry.npmjs.org/Datum/-/Datum-0.13.3.tgz",
      "integrity": "sha512-a9cx3lYSkM62hsMqBead/je9QBNrwlwbKgOReRB45gik7Abl4hK0jjp4g3VwdlaRuRZFIiE7KKpZzaNEeB4BoA=="
    },
    "node_modules/fs-extra": {
      "version": "4.0.3",
      "resolved": "https://registry.npmjs.org/fs-extra/-/fs-extra-4.0.3.tgz",
      "integrity": "sha512-q6rbdDd1o2mAnQreO7YADIxf/Whx4AHBiRf6d+/cVT8h44ss+lHgxf1FemcqDnQt9X3ct4McHr+JMGlYSsK7Cg==",
      "dependencies": {
        "graceful-fs": "^4.1.2",
        "jsonfile": "^4.0.0",
        "universalify": "^0.1.0"
      }
    },
    "node_modules/graceful-fs": {
      "version": "4.2.11",
      "resolved": "https://registry.npmjs.org/graceful-fs/-/graceful-fs-4.2.11.tgz",
      "integrity": "sha512-RbJ5/jmFcNNCcDV5o9eTnBLJ/HszWV0P73bc+Ff4nS/rJj+YaS6IGyiOL0VoBYX+l1Wrl3k63h/KrH+nhJ0XvQ=="
    },
    "node_modules/highlight.js-postbuild": {
      "version": "0.0.6",
      "resolved": "https://registry.npmjs.org/highlight.js-postbuild/-/highlight.js-postbuild-0.0.6.tgz",
      "integrity": "sha512-yMQ5Woyc9j4AuqG16g8rZTpnKeMfrc1+xcDewzYaqQ9LVfOzWeziIWj27jAfCRe/rXJw2OM+d8m0twOVWmivgQ==",
      "hasInstallScript": true
    },
    "node_modules/jquery": {
      "version": "3.6.4",
      "resolved": "https://registry.npmjs.org/jquery/-/jquery-3.6.4.tgz",
      "integrity": "sha512-v28EW9DWDFpzcD9O5iyJXg3R3+q+mET5JhnjJzQUZMHOv67bpSIHq81GEYpPNZHG+XXHsfSme3nxp/hndKEcsQ=="
    },
    "node_modules/jsonfile": {
      "version": "4.0.0",
      "resolved": "https://registry.npmjs.org/jsonfile/-/jsonfile-4.0.0.tgz",
      "integrity": "sha512-m6F1R3z8jjlf2imQHS2Qez5sjKWQzbuuhuJ/FKYFRZvPE3PuHcSMVZzfsLhGVOkfd20obL5SWEBew5ShlquNxg==",
      "optionalDependencies": {
        "graceful-fs": "^4.1.6"
      }
    },
    "node_modules/requirejs": {
      "version": "2.3.6",
      "resolved": "https://registry.npmjs.org/requirejs/-/requirejs-2.3.6.tgz",
      "integrity": "sha512-ipEzlWQe6RK3jkzikgCupiTbTvm4S0/CAU5GlgptkN5SO6F3u0UD0K18wy6ErDqiCyP4J4YYe1HuAShvsxePLg==",
      "bin": {
        "r_js": "bin/r.js",
        "r.js": "bin/r.js"
      },
      "engines": {
        "node": ">=0.4.0"
      }
    },
    "node_modules/semantic-ui-offline": {
      "version": "2.5.0",
      "resolved": "https://registry.npmjs.org/semantic-ui-offline/-/semantic-ui-offline-2.5.0.tgz",
      "integrity": "sha512-Fldx3SfaVtWx5EeCb/5EiJwYkzrGbtsAwVs02xLkeV5z5l8GJmplWEVOeJVjbEpmyiwPWp7cA48JwT5RjbWBVA==",
      "dependencies": {
        "fs-extra": "^4.0.2",
        "jquery": "x.*"
      }
    },
    "node_modules/universalify": {
      "version": "0.1.2",
      "resolved": "https://registry.npmjs.org/universalify/-/universalify-0.1.2.tgz",
      "integrity": "sha512-rBJeI5CXAlmy1pV+617WB9J63U6XcazHHF2f2dbJix4XzpUF0RS3Zbj0FGIOCAva5P/d/GBOYaACQ1w+0azUkg==",
      "engines": {
        "node": ">= 4.0.0"
      }
    },
    "node_modules/workbox-sw": {
      "version": "6.5.4",
      "resolved": "https://registry.npmjs.org/workbox-sw/-/workbox-sw-6.5.4.tgz",
      "integrity": "sha512-vo2RQo7DILVRoH5LjGqw3nphavEjK4Qk+FenXeUsknKn14eCNedHOXWbmnvP4ipKhlE35pvJ4yl4YYf6YsJArA=="
    }
  }
}
