{
  "name": "pieces",
  "version": "0.0.0",
  "lockfileVersion": 2,
  "requires": true,
  "packages": {
    "": {
      "name": "pieces",
      "version": "0.0.0",
      "license": "AGPL-3.0",
      "dependencies": {
        "almond": "0.3.3",
        "Datum": "0.13.0",
        "highlight.js-postbuild": "0.0.6",
        "jquery": "3.4.1",
        "requirejs": "2.3.6",
        "semantic-ui-offline": "2.4.1-1",
        "workbox-sw": "4.3.1"
      }
    },
    "node_modules/almond": {
      "version": "0.3.3",
      "resolved": "https://registry.npmjs.org/almond/-/almond-0.3.3.tgz",
      "integrity": "sha1-oOfJWsdiTWQXtElLHmi/9pMWiiA=",
      "engines": {
        "node": ">=0.4.0"
      }
    },
    "node_modules/Datum": {
      "version": "0.13.0",
      "resolved": "https://registry.npmjs.org/Datum/-/Datum-0.13.0.tgz",
      "integrity": "sha512-y3w8di/O+SEUp//l+A4lu4yPZVQVkK/6PWFIQwTymZIOYqpu/5bIY8vnZMI4AqeIvI/V+JEojPOU9K4Ws4YclQ=="
    },
    "node_modules/fs-extra": {
      "version": "4.0.3",
      "resolved": "https://registry.npmjs.org/fs-extra/-/fs-extra-4.0.3.tgz",
      "integrity": "sha512-q6rbdDd1o2mAnQreO7YADIxf/Whx4AHBiRf6d+/cVT8h44ss+lHgxf1FemcqDnQt9X3ct4McHr+JMGlYSsK7Cg==",
      "dependencies": {
        "graceful-fs": "^4.1.2",
        "jsonfile": "^4.0.0",
        "universalify": "^0.1.0"
      }
    },
    "node_modules/graceful-fs": {
      "version": "4.1.15",
      "resolved": "https://registry.npmjs.org/graceful-fs/-/graceful-fs-4.1.15.tgz",
      "integrity": "sha512-6uHUhOPEBgQ24HM+r6b/QwWfZq+yiFcipKFrOFiBEnWdy5sdzYoi+pJeQaPI5qOLRFqWmAXUPQNsielzdLoecA=="
    },
    "node_modules/highlight.js-postbuild": {
      "version": "0.0.6",
      "resolved": "https://registry.npmjs.org/highlight.js-postbuild/-/highlight.js-postbuild-0.0.6.tgz",
      "integrity": "sha1-IvgtoA/oUl3svYHRuG9J/GMuyxs=",
      "hasInstallScript": true
    },
    "node_modules/jquery": {
      "version": "3.4.1",
      "resolved": "https://registry.npmjs.org/jquery/-/jquery-3.4.1.tgz",
      "integrity": "sha512-36+AdBzCL+y6qjw5Tx7HgzeGCzC81MDDgaUP8ld2zhx58HdqXGoBd+tHdrBMiyjGQs0Hxs/MLZTu/eHNJJuWPw=="
    },
    "node_modules/jsonfile": {
      "version": "4.0.0",
      "resolved": "https://registry.npmjs.org/jsonfile/-/jsonfile-4.0.0.tgz",
      "integrity": "sha1-h3Gq4HmbZAdrdmQPygWPnBDjPss=",
      "optionalDependencies": {
        "graceful-fs": "^4.1.6"
      }
    },
    "node_modules/requirejs": {
      "version": "2.3.6",
      "resolved": "https://registry.npmjs.org/requirejs/-/requirejs-2.3.6.tgz",
      "integrity": "sha512-ipEzlWQe6RK3jkzikgCupiTbTvm4S0/CAU5GlgptkN5SO6F3u0UD0K18wy6ErDqiCyP4J4YYe1HuAShvsxePLg==",
      "bin": {
        "r_js": "bin/r.js",
        "r.js": "bin/r.js"
      },
      "engines": {
        "node": ">=0.4.0"
      }
    },
    "node_modules/semantic-ui-offline": {
      "version": "2.4.1-1",
      "resolved": "https://registry.npmjs.org/semantic-ui-offline/-/semantic-ui-offline-2.4.1-1.tgz",
      "integrity": "sha512-ONx52etmkMax15ur+n2Hi8spC6VfhwlHmeownyq2I3vQTzoJzU9+rTq/fMzjohFpf3YmLdymaXloXH6+/1ycYA==",
      "dependencies": {
        "fs-extra": "^4.0.2",
        "jquery": "x.*"
      }
    },
    "node_modules/universalify": {
      "version": "0.1.2",
      "resolved": "https://registry.npmjs.org/universalify/-/universalify-0.1.2.tgz",
      "integrity": "sha512-rBJeI5CXAlmy1pV+617WB9J63U6XcazHHF2f2dbJix4XzpUF0RS3Zbj0FGIOCAva5P/d/GBOYaACQ1w+0azUkg==",
      "engines": {
        "node": ">= 4.0.0"
      }
    },
    "node_modules/workbox-sw": {
      "version": "4.3.1",
      "resolved": "https://registry.npmjs.org/workbox-sw/-/workbox-sw-4.3.1.tgz",
      "integrity": "sha512-0jXdusCL2uC5gM3yYFT6QMBzKfBr2XTk0g5TPAV4y8IZDyVNDyj1a8uSXy3/XrvkVTmQvLN4O5k3JawGReXr9w=="
    }
  },
  "dependencies": {
    "almond": {
      "version": "0.3.3",
      "resolved": "https://registry.npmjs.org/almond/-/almond-0.3.3.tgz",
      "integrity": "sha1-oOfJWsdiTWQXtElLHmi/9pMWiiA="
    },
    "Datum": {
      "version": "0.13.0",
      "resolved": "https://registry.npmjs.org/Datum/-/Datum-0.13.0.tgz",
      "integrity": "sha512-y3w8di/O+SEUp//l+A4lu4yPZVQVkK/6PWFIQwTymZIOYqpu/5bIY8vnZMI4AqeIvI/V+JEojPOU9K4Ws4YclQ=="
    },
    "fs-extra": {
      "version": "4.0.3",
      "resolved": "https://registry.npmjs.org/fs-extra/-/fs-extra-4.0.3.tgz",
      "integrity": "sha512-q6rbdDd1o2mAnQreO7YADIxf/Whx4AHBiRf6d+/cVT8h44ss+lHgxf1FemcqDnQt9X3ct4McHr+JMGlYSsK7Cg==",
      "requires": {
        "graceful-fs": "^4.1.2",
        "jsonfile": "^4.0.0",
        "universalify": "^0.1.0"
      }
    },
    "graceful-fs": {
      "version": "4.1.15",
      "resolved": "https://registry.npmjs.org/graceful-fs/-/graceful-fs-4.1.15.tgz",
      "integrity": "sha512-6uHUhOPEBgQ24HM+r6b/QwWfZq+yiFcipKFrOFiBEnWdy5sdzYoi+pJeQaPI5qOLRFqWmAXUPQNsielzdLoecA=="
    },
    "highlight.js-postbuild": {
      "version": "0.0.6",
      "resolved": "https://registry.npmjs.org/highlight.js-postbuild/-/highlight.js-postbuild-0.0.6.tgz",
      "integrity": "sha1-IvgtoA/oUl3svYHRuG9J/GMuyxs="
    },
    "jquery": {
      "version": "3.4.1",
      "resolved": "https://registry.npmjs.org/jquery/-/jquery-3.4.1.tgz",
      "integrity": "sha512-36+AdBzCL+y6qjw5Tx7HgzeGCzC81MDDgaUP8ld2zhx58HdqXGoBd+tHdrBMiyjGQs0Hxs/MLZTu/eHNJJuWPw=="
    },
    "jsonfile": {
      "version": "4.0.0",
      "resolved": "https://registry.npmjs.org/jsonfile/-/jsonfile-4.0.0.tgz",
      "integrity": "sha1-h3Gq4HmbZAdrdmQPygWPnBDjPss=",
      "requires": {
        "graceful-fs": "^4.1.6"
      }
    },
    "requirejs": {
      "version": "2.3.6",
      "resolved": "https://registry.npmjs.org/requirejs/-/requirejs-2.3.6.tgz",
      "integrity": "sha512-ipEzlWQe6RK3jkzikgCupiTbTvm4S0/CAU5GlgptkN5SO6F3u0UD0K18wy6ErDqiCyP4J4YYe1HuAShvsxePLg=="
    },
    "semantic-ui-offline": {
      "version": "2.4.1-1",
      "resolved": "https://registry.npmjs.org/semantic-ui-offline/-/semantic-ui-offline-2.4.1-1.tgz",
      "integrity": "sha512-ONx52etmkMax15ur+n2Hi8spC6VfhwlHmeownyq2I3vQTzoJzU9+rTq/fMzjohFpf3YmLdymaXloXH6+/1ycYA==",
      "requires": {
        "fs-extra": "^4.0.2",
        "jquery": "x.*"
      }
    },
    "universalify": {
      "version": "0.1.2",
      "resolved": "https://registry.npmjs.org/universalify/-/universalify-0.1.2.tgz",
      "integrity": "sha512-rBJeI5CXAlmy1pV+617WB9J63U6XcazHHF2f2dbJix4XzpUF0RS3Zbj0FGIOCAva5P/d/GBOYaACQ1w+0azUkg=="
    },
    "workbox-sw": {
      "version": "4.3.1",
      "resolved": "https://registry.npmjs.org/workbox-sw/-/workbox-sw-4.3.1.tgz",
      "integrity": "sha512-0jXdusCL2uC5gM3yYFT6QMBzKfBr2XTk0g5TPAV4y8IZDyVNDyj1a8uSXy3/XrvkVTmQvLN4O5k3JawGReXr9w=="
    }
  }
}
